
Microsoft Visual Studio Solution File, Format Version 12.00
# Visual Studio Version 16
VisualStudioVersion = 16.0.30907.101
MinimumVisualStudioVersion = 15.0.26124.0
Project("{2150E333-8FDC-42A3-9474-1A3956D46DE8}") = "src", "src", "{CDED8E46-3421-4A03-9DA3-34303AD12DC6}"
EndProject
Project("{9A19103F-16F7-4668-BE54-9A1E7A4F7556}") = "Domain", "src\Domain\Domain.csproj", "{7AF9C4FC-F501-4BA7-ADD8-E2EC6D18D8FC}"
EndProject
Project("{9A19103F-16F7-4668-BE54-9A1E7A4F7556}") = "Infrastructure.Persistence", "src\Infrastructure.Persistence\Infrastructure.Persistence.csproj", "{7690506F-28F7-46D6-8F3C-2C36C5A71F99}"
EndProject
Project("{9A19103F-16F7-4668-BE54-9A1E7A4F7556}") = "Application", "src\Application\Application.csproj", "{7B1110AE-B79C-4C2F-991D-196479C9492D}"
EndProject
Project("{9A19103F-16F7-4668-BE54-9A1E7A4F7556}") = "Infrastructure.Shared", "src\Infrastructure.Shared\Infrastructure.Shared.csproj", "{418D105C-274B-447E-9DA9-A1C1F194A74B}"
EndProject
Project("{2150E333-8FDC-42A3-9474-1A3956D46DE8}") = "workers", "workers", "{3DEC4306-B023-4EAE-BC62-82E52C92FA4B}"
EndProject
Project("{2150E333-8FDC-42A3-9474-1A3956D46DE8}") = "services", "services", "{E0E4F10E-D1B7-450B-877B-80D5547D683E}"
EndProject
Project("{9A19103F-16F7-4668-BE54-9A1E7A4F7556}") = "Datacenter.Service", "src\Datacenter.Service\Datacenter.Service.csproj", "{E37C8C0D-472A-4F4D-B413-03EF92330593}"
EndProject
Project("{FAE04EC0-301F-11D3-BF4B-00C04F79EFBC}") = "Infrastructure.Contracts", "src\Infrastructure.Contracts\Infrastructure.Contracts.csproj", "{70E1C040-6DF8-4B9E-85AE-BE743CF98F3B}"
EndProject
Project("{FAE04EC0-301F-11D3-BF4B-00C04F79EFBC}") = "Monitoring.Worker", "src\Monitoring.Worker\Monitoring.Worker.csproj", "{B9D1C6C0-CC57-4561-831C-6E52251B0EC4}"
EndProject
Project("{9A19103F-16F7-4668-BE54-9A1E7A4F7556}") = "Datacenter.Worker", "src\Datacenter.Worker\Datacenter.Worker.csproj", "{99667A18-AFC5-4FEE-A490-951C0ECB423E}"
EndProject
Project("{9A19103F-16F7-4668-BE54-9A1E7A4F7556}") = "Infrastructure.Validators", "src\Infrastructure.Validators\Infrastructure.Validators.csproj", "{6F66254A-08C3-4C82-BB65-6213054D3340}"
EndProject
Global
	GlobalSection(SolutionConfigurationPlatforms) = preSolution
		Debug|Any CPU = Debug|Any CPU
		Debug|x64 = Debug|x64
		Debug|x86 = Debug|x86
		Release|Any CPU = Release|Any CPU
		Release|x64 = Release|x64
		Release|x86 = Release|x86
	EndGlobalSection
	GlobalSection(ProjectConfigurationPlatforms) = postSolution
		{7AF9C4FC-F501-4BA7-ADD8-E2EC6D18D8FC}.Debug|Any CPU.ActiveCfg = Debug|Any CPU
		{7AF9C4FC-F501-4BA7-ADD8-E2EC6D18D8FC}.Debug|Any CPU.Build.0 = Debug|Any CPU
		{7AF9C4FC-F501-4BA7-ADD8-E2EC6D18D8FC}.Debug|x64.ActiveCfg = Debug|Any CPU
		{7AF9C4FC-F501-4BA7-ADD8-E2EC6D18D8FC}.Debug|x64.Build.0 = Debug|Any CPU
		{7AF9C4FC-F501-4BA7-ADD8-E2EC6D18D8FC}.Debug|x86.ActiveCfg = Debug|Any CPU
		{7AF9C4FC-F501-4BA7-ADD8-E2EC6D18D8FC}.Debug|x86.Build.0 = Debug|Any CPU
		{7AF9C4FC-F501-4BA7-ADD8-E2EC6D18D8FC}.Release|Any CPU.ActiveCfg = Release|Any CPU
		{7AF9C4FC-F501-4BA7-ADD8-E2EC6D18D8FC}.Release|Any CPU.Build.0 = Release|Any CPU
		{7AF9C4FC-F501-4BA7-ADD8-E2EC6D18D8FC}.Release|x64.ActiveCfg = Release|Any CPU
		{7AF9C4FC-F501-4BA7-ADD8-E2EC6D18D8FC}.Release|x64.Build.0 = Release|Any CPU
		{7AF9C4FC-F501-4BA7-ADD8-E2EC6D18D8FC}.Release|x86.ActiveCfg = Release|Any CPU
		{7AF9C4FC-F501-4BA7-ADD8-E2EC6D18D8FC}.Release|x86.Build.0 = Release|Any CPU
		{7690506F-28F7-46D6-8F3C-2C36C5A71F99}.Debug|Any CPU.ActiveCfg = Debug|Any CPU
		{7690506F-28F7-46D6-8F3C-2C36C5A71F99}.Debug|Any CPU.Build.0 = Debug|Any CPU
		{7690506F-28F7-46D6-8F3C-2C36C5A71F99}.Debug|x64.ActiveCfg = Debug|Any CPU
		{7690506F-28F7-46D6-8F3C-2C36C5A71F99}.Debug|x64.Build.0 = Debug|Any CPU
		{7690506F-28F7-46D6-8F3C-2C36C5A71F99}.Debug|x86.ActiveCfg = Debug|Any CPU
		{7690506F-28F7-46D6-8F3C-2C36C5A71F99}.Debug|x86.Build.0 = Debug|Any CPU
		{7690506F-28F7-46D6-8F3C-2C36C5A71F99}.Release|Any CPU.ActiveCfg = Release|Any CPU
		{7690506F-28F7-46D6-8F3C-2C36C5A71F99}.Release|Any CPU.Build.0 = Release|Any CPU
		{7690506F-28F7-46D6-8F3C-2C36C5A71F99}.Release|x64.ActiveCfg = Release|Any CPU
		{7690506F-28F7-46D6-8F3C-2C36C5A71F99}.Release|x64.Build.0 = Release|Any CPU
		{7690506F-28F7-46D6-8F3C-2C36C5A71F99}.Release|x86.ActiveCfg = Release|Any CPU
		{7690506F-28F7-46D6-8F3C-2C36C5A71F99}.Release|x86.Build.0 = Release|Any CPU
		{7B1110AE-B79C-4C2F-991D-196479C9492D}.Debug|Any CPU.ActiveCfg = Debug|Any CPU
		{7B1110AE-B79C-4C2F-991D-196479C9492D}.Debug|Any CPU.Build.0 = Debug|Any CPU
		{7B1110AE-B79C-4C2F-991D-196479C9492D}.Debug|x64.ActiveCfg = Debug|Any CPU
		{7B1110AE-B79C-4C2F-991D-196479C9492D}.Debug|x64.Build.0 = Debug|Any CPU
		{7B1110AE-B79C-4C2F-991D-196479C9492D}.Debug|x86.ActiveCfg = Debug|Any CPU
		{7B1110AE-B79C-4C2F-991D-196479C9492D}.Debug|x86.Build.0 = Debug|Any CPU
		{7B1110AE-B79C-4C2F-991D-196479C9492D}.Release|Any CPU.ActiveCfg = Release|Any CPU
		{7B1110AE-B79C-4C2F-991D-196479C9492D}.Release|Any CPU.Build.0 = Release|Any CPU
		{7B1110AE-B79C-4C2F-991D-196479C9492D}.Release|x64.ActiveCfg = Release|Any CPU
		{7B1110AE-B79C-4C2F-991D-196479C9492D}.Release|x64.Build.0 = Release|Any CPU
		{7B1110AE-B79C-4C2F-991D-196479C9492D}.Release|x86.ActiveCfg = Release|Any CPU
		{7B1110AE-B79C-4C2F-991D-196479C9492D}.Release|x86.Build.0 = Release|Any CPU
		{418D105C-274B-447E-9DA9-A1C1F194A74B}.Debug|Any CPU.ActiveCfg = Debug|Any CPU
		{418D105C-274B-447E-9DA9-A1C1F194A74B}.Debug|Any CPU.Build.0 = Debug|Any CPU
		{418D105C-274B-447E-9DA9-A1C1F194A74B}.Debug|x64.ActiveCfg = Debug|Any CPU
		{418D105C-274B-447E-9DA9-A1C1F194A74B}.Debug|x64.Build.0 = Debug|Any CPU
		{418D105C-274B-447E-9DA9-A1C1F194A74B}.Debug|x86.ActiveCfg = Debug|Any CPU
		{418D105C-274B-447E-9DA9-A1C1F194A74B}.Debug|x86.Build.0 = Debug|Any CPU
		{418D105C-274B-447E-9DA9-A1C1F194A74B}.Release|Any CPU.ActiveCfg = Release|Any CPU
		{418D105C-274B-447E-9DA9-A1C1F194A74B}.Release|Any CPU.Build.0 = Release|Any CPU
		{418D105C-274B-447E-9DA9-A1C1F194A74B}.Release|x64.ActiveCfg = Release|Any CPU
		{418D105C-274B-447E-9DA9-A1C1F194A74B}.Release|x64.Build.0 = Release|Any CPU
		{418D105C-274B-447E-9DA9-A1C1F194A74B}.Release|x86.ActiveCfg = Release|Any CPU
		{418D105C-274B-447E-9DA9-A1C1F194A74B}.Release|x86.Build.0 = Release|Any CPU
		{E37C8C0D-472A-4F4D-B413-03EF92330593}.Debug|Any CPU.ActiveCfg = Debug|Any CPU
		{E37C8C0D-472A-4F4D-B413-03EF92330593}.Debug|Any CPU.Build.0 = Debug|Any CPU
		{E37C8C0D-472A-4F4D-B413-03EF92330593}.Debug|x64.ActiveCfg = Debug|Any CPU
		{E37C8C0D-472A-4F4D-B413-03EF92330593}.Debug|x64.Build.0 = Debug|Any CPU
		{E37C8C0D-472A-4F4D-B413-03EF92330593}.Debug|x86.ActiveCfg = Debug|Any CPU
		{E37C8C0D-472A-4F4D-B413-03EF92330593}.Debug|x86.Build.0 = Debug|Any CPU
		{E37C8C0D-472A-4F4D-B413-03EF92330593}.Release|Any CPU.ActiveCfg = Release|Any CPU
		{E37C8C0D-472A-4F4D-B413-03EF92330593}.Release|Any CPU.Build.0 = Release|Any CPU
		{E37C8C0D-472A-4F4D-B413-03EF92330593}.Release|x64.ActiveCfg = Release|Any CPU
		{E37C8C0D-472A-4F4D-B413-03EF92330593}.Release|x64.Build.0 = Release|Any CPU
		{E37C8C0D-472A-4F4D-B413-03EF92330593}.Release|x86.ActiveCfg = Release|Any CPU
		{E37C8C0D-472A-4F4D-B413-03EF92330593}.Release|x86.Build.0 = Release|Any CPU
		{70E1C040-6DF8-4B9E-85AE-BE743CF98F3B}.Debug|Any CPU.ActiveCfg = Debug|Any CPU
		{70E1C040-6DF8-4B9E-85AE-BE743CF98F3B}.Debug|Any CPU.Build.0 = Debug|Any CPU
		{70E1C040-6DF8-4B9E-85AE-BE743CF98F3B}.Debug|x64.ActiveCfg = Debug|Any CPU
		{70E1C040-6DF8-4B9E-85AE-BE743CF98F3B}.Debug|x64.Build.0 = Debug|Any CPU
		{70E1C040-6DF8-4B9E-85AE-BE743CF98F3B}.Debug|x86.ActiveCfg = Debug|Any CPU
		{70E1C040-6DF8-4B9E-85AE-BE743CF98F3B}.Debug|x86.Build.0 = Debug|Any CPU
		{70E1C040-6DF8-4B9E-85AE-BE743CF98F3B}.Release|Any CPU.ActiveCfg = Release|Any CPU
		{70E1C040-6DF8-4B9E-85AE-BE743CF98F3B}.Release|Any CPU.Build.0 = Release|Any CPU
		{70E1C040-6DF8-4B9E-85AE-BE743CF98F3B}.Release|x64.ActiveCfg = Release|Any CPU
		{70E1C040-6DF8-4B9E-85AE-BE743CF98F3B}.Release|x64.Build.0 = Release|Any CPU
		{70E1C040-6DF8-4B9E-85AE-BE743CF98F3B}.Release|x86.ActiveCfg = Release|Any CPU
		{70E1C040-6DF8-4B9E-85AE-BE743CF98F3B}.Release|x86.Build.0 = Release|Any CPU
		{B9D1C6C0-CC57-4561-831C-6E52251B0EC4}.Debug|Any CPU.ActiveCfg = Debug|Any CPU
		{B9D1C6C0-CC57-4561-831C-6E52251B0EC4}.Debug|Any CPU.Build.0 = Debug|Any CPU
		{B9D1C6C0-CC57-4561-831C-6E52251B0EC4}.Debug|x64.ActiveCfg = Debug|Any CPU
		{B9D1C6C0-CC57-4561-831C-6E52251B0EC4}.Debug|x64.Build.0 = Debug|Any CPU
		{B9D1C6C0-CC57-4561-831C-6E52251B0EC4}.Debug|x86.ActiveCfg = Debug|Any CPU
		{B9D1C6C0-CC57-4561-831C-6E52251B0EC4}.Debug|x86.Build.0 = Debug|Any CPU
		{B9D1C6C0-CC57-4561-831C-6E52251B0EC4}.Release|Any CPU.ActiveCfg = Release|Any CPU
		{B9D1C6C0-CC57-4561-831C-6E52251B0EC4}.Release|Any CPU.Build.0 = Release|Any CPU
		{B9D1C6C0-CC57-4561-831C-6E52251B0EC4}.Release|x64.ActiveCfg = Release|Any CPU
		{B9D1C6C0-CC57-4561-831C-6E52251B0EC4}.Release|x64.Build.0 = Release|Any CPU
		{B9D1C6C0-CC57-4561-831C-6E52251B0EC4}.Release|x86.ActiveCfg = Release|Any CPU
		{B9D1C6C0-CC57-4561-831C-6E52251B0EC4}.Release|x86.Build.0 = Release|Any CPU
		{99667A18-AFC5-4FEE-A490-951C0ECB423E}.Debug|Any CPU.ActiveCfg = Debug|Any CPU
		{99667A18-AFC5-4FEE-A490-951C0ECB423E}.Debug|Any CPU.Build.0 = Debug|Any CPU
		{99667A18-AFC5-4FEE-A490-951C0ECB423E}.Debug|x64.ActiveCfg = Debug|Any CPU
		{99667A18-AFC5-4FEE-A490-951C0ECB423E}.Debug|x64.Build.0 = Debug|Any CPU
		{99667A18-AFC5-4FEE-A490-951C0ECB423E}.Debug|x86.ActiveCfg = Debug|Any CPU
		{99667A18-AFC5-4FEE-A490-951C0ECB423E}.Debug|x86.Build.0 = Debug|Any CPU
		{99667A18-AFC5-4FEE-A490-951C0ECB423E}.Release|Any CPU.ActiveCfg = Release|Any CPU
		{99667A18-AFC5-4FEE-A490-951C0ECB423E}.Release|Any CPU.Build.0 = Release|Any CPU
		{99667A18-AFC5-4FEE-A490-951C0ECB423E}.Release|x64.ActiveCfg = Release|Any CPU
		{99667A18-AFC5-4FEE-A490-951C0ECB423E}.Release|x64.Build.0 = Release|Any CPU
		{99667A18-AFC5-4FEE-A490-951C0ECB423E}.Release|x86.ActiveCfg = Release|Any CPU
		{99667A18-AFC5-4FEE-A490-951C0ECB423E}.Release|x86.Build.0 = Release|Any CPU
		{6F66254A-08C3-4C82-BB65-6213054D3340}.Debug|Any CPU.ActiveCfg = Debug|Any CPU
		{6F66254A-08C3-4C82-BB65-6213054D3340}.Debug|Any CPU.Build.0 = Debug|Any CPU
		{6F66254A-08C3-4C82-BB65-6213054D3340}.Debug|x64.ActiveCfg = Debug|Any CPU
		{6F66254A-08C3-4C82-BB65-6213054D3340}.Debug|x64.Build.0 = Debug|Any CPU
		{6F66254A-08C3-4C82-BB65-6213054D3340}.Debug|x86.ActiveCfg = Debug|Any CPU
		{6F66254A-08C3-4C82-BB65-6213054D3340}.Debug|x86.Build.0 = Debug|Any CPU
		{6F66254A-08C3-4C82-BB65-6213054D3340}.Release|Any CPU.ActiveCfg = Release|Any CPU
		{6F66254A-08C3-4C82-BB65-6213054D3340}.Release|Any CPU.Build.0 = Release|Any CPU
		{6F66254A-08C3-4C82-BB65-6213054D3340}.Release|x64.ActiveCfg = Release|Any CPU
		{6F66254A-08C3-4C82-BB65-6213054D3340}.Release|x64.Build.0 = Release|Any CPU
		{6F66254A-08C3-4C82-BB65-6213054D3340}.Release|x86.ActiveCfg = Release|Any CPU
		{6F66254A-08C3-4C82-BB65-6213054D3340}.Release|x86.Build.0 = Release|Any CPU
	EndGlobalSection
	GlobalSection(SolutionProperties) = preSolution
		HideSolutionNode = FALSE
	EndGlobalSection
	GlobalSection(NestedProjects) = preSolution
		{7AF9C4FC-F501-4BA7-ADD8-E2EC6D18D8FC} = {CDED8E46-3421-4A03-9DA3-34303AD12DC6}
		{7690506F-28F7-46D6-8F3C-2C36C5A71F99} = {CDED8E46-3421-4A03-9DA3-34303AD12DC6}
		{7B1110AE-B79C-4C2F-991D-196479C9492D} = {CDED8E46-3421-4A03-9DA3-34303AD12DC6}
		{418D105C-274B-447E-9DA9-A1C1F194A74B} = {CDED8E46-3421-4A03-9DA3-34303AD12DC6}
		{3DEC4306-B023-4EAE-BC62-82E52C92FA4B} = {CDED8E46-3421-4A03-9DA3-34303AD12DC6}
		{E0E4F10E-D1B7-450B-877B-80D5547D683E} = {CDED8E46-3421-4A03-9DA3-34303AD12DC6}
		{E37C8C0D-472A-4F4D-B413-03EF92330593} = {E0E4F10E-D1B7-450B-877B-80D5547D683E}
		{70E1C040-6DF8-4B9E-85AE-BE743CF98F3B} = {CDED8E46-3421-4A03-9DA3-34303AD12DC6}
		{B9D1C6C0-CC57-4561-831C-6E52251B0EC4} = {3DEC4306-B023-4EAE-BC62-82E52C92FA4B}
		{99667A18-AFC5-4FEE-A490-951C0ECB423E} = {3DEC4306-B023-4EAE-BC62-82E52C92FA4B}
		{6F66254A-08C3-4C82-BB65-6213054D3340} = {CDED8E46-3421-4A03-9DA3-34303AD12DC6}
	EndGlobalSection
	GlobalSection(ExtensibilityGlobals) = postSolution
		SolutionGuid = {7E4CEDE9-896F-4672-9F96-8C5D048530F1}
	EndGlobalSection
EndGlobal
